
Microsoft Visual Studio Solution File, Format Version 12.00
# Visual Studio Version 17
VisualStudioVersion = 17.3.32819.101
MinimumVisualStudioVersion = 10.0.40219.1
Project("{FAE04EC0-301F-11D3-BF4B-00C04F79EFBC}") = "Angular-link-to-DB-API", "Angular-link-to-DB-API\Angular-link-to-DB-API.csproj", "{710BA364-E0E4-46A0-9E31-E47321D123C2}"
EndProject
Global
	GlobalSection(SolutionConfigurationPlatforms) = preSolution
		Debug|Any CPU = Debug|Any CPU
		Release|Any CPU = Release|Any CPU
	EndGlobalSection
	GlobalSection(ProjectConfigurationPlatforms) = postSolution
		{710BA364-E0E4-46A0-9E31-E47321D123C2}.Debug|Any CPU.ActiveCfg = Debug|Any CPU
		{710BA364-E0E4-46A0-9E31-E47321D123C2}.Debug|Any CPU.Build.0 = Debug|Any CPU
		{710BA364-E0E4-46A0-9E31-E47321D123C2}.Release|Any CPU.ActiveCfg = Release|Any CPU
		{710BA364-E0E4-46A0-9E31-E47321D123C2}.Release|Any CPU.Build.0 = Release|Any CPU
	EndGlobalSection
	GlobalSection(SolutionProperties) = preSolution
		HideSolutionNode = FALSE
	EndGlobalSection
	GlobalSection(ExtensibilityGlobals) = postSolution
		SolutionGuid = {52DACC19-290F-4CAB-A279-F7BADE571C76}
	EndGlobalSection
EndGlobal
